
Microsoft Visual Studio Solution File, Format Version 12.00
# Visual Studio Version 16
VisualStudioVersion = 16.0.29519.87
MinimumVisualStudioVersion = 10.0.40219.1
Project("{2150E333-8FDC-42A3-9474-1A3956D46DE8}") = "Microservices", "Microservices", "{97D48E95-16B7-41C0-8FCC-861CD67BAF56}"
EndProject
Project("{2150E333-8FDC-42A3-9474-1A3956D46DE8}") = "Domain", "Domain", "{83B561AB-F4D1-4EAB-A98F-AC7D2E9C0EC8}"
EndProject
Project("{2150E333-8FDC-42A3-9474-1A3956D46DE8}") = "Infra.Bus", "Infra.Bus", "{153D4F05-E02D-4E89-A163-5F9E5B890D6A}"
EndProject
Project("{2150E333-8FDC-42A3-9474-1A3956D46DE8}") = "Infra.IoC", "Infra.IoC", "{55FDFE1A-7910-4748-A044-AE7E8E4E5EF1}"
EndProject
Project("{2150E333-8FDC-42A3-9474-1A3956D46DE8}") = "Presentation", "Presentation", "{8688359C-679B-403D-9344-E8E3CB2678B6}"
EndProject
Project("{9A19103F-16F7-4668-BE54-9A1E7A4F7556}") = "MicroRabbit.Domain.Core", "MicroRabbit.Domain.Core\MicroRabbit.Domain.Core.csproj", "{F0A11BED-80AD-4867-9303-31A29C973418}"
EndProject
Project("{9A19103F-16F7-4668-BE54-9A1E7A4F7556}") = "MicroRabbit.Infra.Bus", "MicroRabbit.Infra.Bus\MicroRabbit.Infra.Bus.csproj", "{BD1EC1E8-5DB4-4529-84FA-0CE53CE1AFE2}"
EndProject
Project("{9A19103F-16F7-4668-BE54-9A1E7A4F7556}") = "MicroRabbit.Infra.IoC", "MicroRabbit.Infra.IoC\MicroRabbit.Infra.IoC.csproj", "{5B7F5882-BBCD-4492-93EE-8321030D4BF1}"
EndProject
Project("{2150E333-8FDC-42A3-9474-1A3956D46DE8}") = "Banking", "Banking", "{D6102025-9C28-4AFF-8F82-5C15A47D87CE}"
EndProject
Project("{2150E333-8FDC-42A3-9474-1A3956D46DE8}") = "Api", "Api", "{386D5B0B-62E0-4728-8C18-0C17611A78E3}"
EndProject
Project("{2150E333-8FDC-42A3-9474-1A3956D46DE8}") = "Domain", "Domain", "{11FDDBA1-3638-46EB-9FB4-6CDF5FFBE1DE}"
EndProject
Project("{2150E333-8FDC-42A3-9474-1A3956D46DE8}") = "Application", "Application", "{9B845398-C365-4847-B1F3-FEB7E72A5E8D}"
EndProject
Project("{2150E333-8FDC-42A3-9474-1A3956D46DE8}") = "Data", "Data", "{B14FFF26-B9B0-4767-B416-2B36806D4BE3}"
EndProject
Project("{9A19103F-16F7-4668-BE54-9A1E7A4F7556}") = "MicroRabbit.Banking.Api", "MicroRabbit.Banking.Api\MicroRabbit.Banking.Api.csproj", "{71C0DA33-0A00-452B-8B83-486B6235F8BE}"
EndProject
Project("{9A19103F-16F7-4668-BE54-9A1E7A4F7556}") = "MicroRabbit.Banking.Application", "MicroRabbit.Banking.Application\MicroRabbit.Banking.Application.csproj", "{CC026A63-92BE-4E93-88D4-2063EDF6E3FC}"
EndProject
Project("{9A19103F-16F7-4668-BE54-9A1E7A4F7556}") = "MicroRabbit.Banking.Data", "MicroRabbit.Banking.Data\MicroRabbit.Banking.Data.csproj", "{812D0A8B-DB48-423F-9CF3-1D9894B8A5E5}"
EndProject
Project("{9A19103F-16F7-4668-BE54-9A1E7A4F7556}") = "MicroRabbit.Banking.Domain", "MicroRabbit.Banking.Domain\MicroRabbit.Banking.Domain.csproj", "{0CAB2466-BE17-4E47-B60A-AB5A25568DE2}"
EndProject
Project("{2150E333-8FDC-42A3-9474-1A3956D46DE8}") = "Transfer", "Transfer", "{427D700F-20A0-4B85-A61D-0C9FDC0C4C37}"
EndProject
Project("{2150E333-8FDC-42A3-9474-1A3956D46DE8}") = "Api", "Api", "{6CD4C6F3-315D-43ED-A850-F74455918318}"
EndProject
Project("{2150E333-8FDC-42A3-9474-1A3956D46DE8}") = "Application", "Application", "{41E7CC3D-036F-4A0D-B72D-DF05915920E6}"
EndProject
Project("{2150E333-8FDC-42A3-9474-1A3956D46DE8}") = "Data", "Data", "{5CC916EA-206C-4A53-A3BC-C86AAFA266E1}"
EndProject
Project("{2150E333-8FDC-42A3-9474-1A3956D46DE8}") = "Domain", "Domain", "{1C452DB5-5020-46AC-8097-7AB7561E60CA}"
EndProject
Project("{9A19103F-16F7-4668-BE54-9A1E7A4F7556}") = "MicroRabbit.Transfer.Api", "MicroRabbit.Transfer.Api\MicroRabbit.Transfer.Api.csproj", "{2534CF02-C569-4E89-9BCE-87B8329F1235}"
EndProject
Project("{9A19103F-16F7-4668-BE54-9A1E7A4F7556}") = "MicroRabbit.Transfer.Application", "MicroRabbit.Transfer.Application\MicroRabbit.Transfer.Application.csproj", "{CC7BC4FE-68C6-4E47-B8AC-CE2A237FD8D6}"
EndProject
Project("{9A19103F-16F7-4668-BE54-9A1E7A4F7556}") = "MicroRabbit.Transfer.Domain", "MicroRabbit.Transfer.Domain\MicroRabbit.Transfer.Domain.csproj", "{F358EDF4-CE14-459B-978F-8A076BBA28FB}"
EndProject
Project("{9A19103F-16F7-4668-BE54-9A1E7A4F7556}") = "MicroRabbit.Transfer.Data", "MicroRabbit.Transfer.Data\MicroRabbit.Transfer.Data.csproj", "{E8B2034B-3C45-48C5-8B0C-B05A89C93E61}"
EndProject
Project("{FAE04EC0-301F-11D3-BF4B-00C04F79EFBC}") = "MicroRabbit.MVC", "MicroRabbit.MVC\MicroRabbit.MVC.csproj", "{3C6C7A38-5D27-4BB6-938E-A84904A33BA5}"
EndProject
Global
	GlobalSection(SolutionConfigurationPlatforms) = preSolution
		Debug|Any CPU = Debug|Any CPU
		Release|Any CPU = Release|Any CPU
	EndGlobalSection
	GlobalSection(ProjectConfigurationPlatforms) = postSolution
		{F0A11BED-80AD-4867-9303-31A29C973418}.Debug|Any CPU.ActiveCfg = Debug|Any CPU
		{F0A11BED-80AD-4867-9303-31A29C973418}.Debug|Any CPU.Build.0 = Debug|Any CPU
		{F0A11BED-80AD-4867-9303-31A29C973418}.Release|Any CPU.ActiveCfg = Release|Any CPU
		{F0A11BED-80AD-4867-9303-31A29C973418}.Release|Any CPU.Build.0 = Release|Any CPU
		{BD1EC1E8-5DB4-4529-84FA-0CE53CE1AFE2}.Debug|Any CPU.ActiveCfg = Debug|Any CPU
		{BD1EC1E8-5DB4-4529-84FA-0CE53CE1AFE2}.Debug|Any CPU.Build.0 = Debug|Any CPU
		{BD1EC1E8-5DB4-4529-84FA-0CE53CE1AFE2}.Release|Any CPU.ActiveCfg = Release|Any CPU
		{BD1EC1E8-5DB4-4529-84FA-0CE53CE1AFE2}.Release|Any CPU.Build.0 = Release|Any CPU
		{5B7F5882-BBCD-4492-93EE-8321030D4BF1}.Debug|Any CPU.ActiveCfg = Debug|Any CPU
		{5B7F5882-BBCD-4492-93EE-8321030D4BF1}.Debug|Any CPU.Build.0 = Debug|Any CPU
		{5B7F5882-BBCD-4492-93EE-8321030D4BF1}.Release|Any CPU.ActiveCfg = Release|Any CPU
		{5B7F5882-BBCD-4492-93EE-8321030D4BF1}.Release|Any CPU.Build.0 = Release|Any CPU
		{71C0DA33-0A00-452B-8B83-486B6235F8BE}.Debug|Any CPU.ActiveCfg = Debug|Any CPU
		{71C0DA33-0A00-452B-8B83-486B6235F8BE}.Debug|Any CPU.Build.0 = Debug|Any CPU
		{71C0DA33-0A00-452B-8B83-486B6235F8BE}.Release|Any CPU.ActiveCfg = Release|Any CPU
		{71C0DA33-0A00-452B-8B83-486B6235F8BE}.Release|Any CPU.Build.0 = Release|Any CPU
		{CC026A63-92BE-4E93-88D4-2063EDF6E3FC}.Debug|Any CPU.ActiveCfg = Debug|Any CPU
		{CC026A63-92BE-4E93-88D4-2063EDF6E3FC}.Debug|Any CPU.Build.0 = Debug|Any CPU
		{CC026A63-92BE-4E93-88D4-2063EDF6E3FC}.Release|Any CPU.ActiveCfg = Release|Any CPU
		{CC026A63-92BE-4E93-88D4-2063EDF6E3FC}.Release|Any CPU.Build.0 = Release|Any CPU
		{812D0A8B-DB48-423F-9CF3-1D9894B8A5E5}.Debug|Any CPU.ActiveCfg = Debug|Any CPU
		{812D0A8B-DB48-423F-9CF3-1D9894B8A5E5}.Debug|Any CPU.Build.0 = Debug|Any CPU
		{812D0A8B-DB48-423F-9CF3-1D9894B8A5E5}.Release|Any CPU.ActiveCfg = Release|Any CPU
		{812D0A8B-DB48-423F-9CF3-1D9894B8A5E5}.Release|Any CPU.Build.0 = Release|Any CPU
		{0CAB2466-BE17-4E47-B60A-AB5A25568DE2}.Debug|Any CPU.ActiveCfg = Debug|Any CPU
		{0CAB2466-BE17-4E47-B60A-AB5A25568DE2}.Debug|Any CPU.Build.0 = Debug|Any CPU
		{0CAB2466-BE17-4E47-B60A-AB5A25568DE2}.Release|Any CPU.ActiveCfg = Release|Any CPU
		{0CAB2466-BE17-4E47-B60A-AB5A25568DE2}.Release|Any CPU.Build.0 = Release|Any CPU
		{2534CF02-C569-4E89-9BCE-87B8329F1235}.Debug|Any CPU.ActiveCfg = Debug|Any CPU
		{2534CF02-C569-4E89-9BCE-87B8329F1235}.Debug|Any CPU.Build.0 = Debug|Any CPU
		{2534CF02-C569-4E89-9BCE-87B8329F1235}.Release|Any CPU.ActiveCfg = Release|Any CPU
		{2534CF02-C569-4E89-9BCE-87B8329F1235}.Release|Any CPU.Build.0 = Release|Any CPU
		{CC7BC4FE-68C6-4E47-B8AC-CE2A237FD8D6}.Debug|Any CPU.ActiveCfg = Debug|Any CPU
		{CC7BC4FE-68C6-4E47-B8AC-CE2A237FD8D6}.Debug|Any CPU.Build.0 = Debug|Any CPU
		{CC7BC4FE-68C6-4E47-B8AC-CE2A237FD8D6}.Release|Any CPU.ActiveCfg = Release|Any CPU
		{CC7BC4FE-68C6-4E47-B8AC-CE2A237FD8D6}.Release|Any CPU.Build.0 = Release|Any CPU
		{F358EDF4-CE14-459B-978F-8A076BBA28FB}.Debug|Any CPU.ActiveCfg = Debug|Any CPU
		{F358EDF4-CE14-459B-978F-8A076BBA28FB}.Debug|Any CPU.Build.0 = Debug|Any CPU
		{F358EDF4-CE14-459B-978F-8A076BBA28FB}.Release|Any CPU.ActiveCfg = Release|Any CPU
		{F358EDF4-CE14-459B-978F-8A076BBA28FB}.Release|Any CPU.Build.0 = Release|Any CPU
		{E8B2034B-3C45-48C5-8B0C-B05A89C93E61}.Debug|Any CPU.ActiveCfg = Debug|Any CPU
		{E8B2034B-3C45-48C5-8B0C-B05A89C93E61}.Debug|Any CPU.Build.0 = Debug|Any CPU
		{E8B2034B-3C45-48C5-8B0C-B05A89C93E61}.Release|Any CPU.ActiveCfg = Release|Any CPU
		{E8B2034B-3C45-48C5-8B0C-B05A89C93E61}.Release|Any CPU.Build.0 = Release|Any CPU
		{3C6C7A38-5D27-4BB6-938E-A84904A33BA5}.Debug|Any CPU.ActiveCfg = Debug|Any CPU
		{3C6C7A38-5D27-4BB6-938E-A84904A33BA5}.Debug|Any CPU.Build.0 = Debug|Any CPU
		{3C6C7A38-5D27-4BB6-938E-A84904A33BA5}.Release|Any CPU.ActiveCfg = Release|Any CPU
		{3C6C7A38-5D27-4BB6-938E-A84904A33BA5}.Release|Any CPU.Build.0 = Release|Any CPU
	EndGlobalSection
	GlobalSection(SolutionProperties) = preSolution
		HideSolutionNode = FALSE
	EndGlobalSection
	GlobalSection(NestedProjects) = preSolution
		{F0A11BED-80AD-4867-9303-31A29C973418} = {83B561AB-F4D1-4EAB-A98F-AC7D2E9C0EC8}
		{BD1EC1E8-5DB4-4529-84FA-0CE53CE1AFE2} = {153D4F05-E02D-4E89-A163-5F9E5B890D6A}
		{5B7F5882-BBCD-4492-93EE-8321030D4BF1} = {55FDFE1A-7910-4748-A044-AE7E8E4E5EF1}
		{D6102025-9C28-4AFF-8F82-5C15A47D87CE} = {97D48E95-16B7-41C0-8FCC-861CD67BAF56}
		{386D5B0B-62E0-4728-8C18-0C17611A78E3} = {D6102025-9C28-4AFF-8F82-5C15A47D87CE}
		{11FDDBA1-3638-46EB-9FB4-6CDF5FFBE1DE} = {D6102025-9C28-4AFF-8F82-5C15A47D87CE}
		{9B845398-C365-4847-B1F3-FEB7E72A5E8D} = {D6102025-9C28-4AFF-8F82-5C15A47D87CE}
		{B14FFF26-B9B0-4767-B416-2B36806D4BE3} = {D6102025-9C28-4AFF-8F82-5C15A47D87CE}
		{71C0DA33-0A00-452B-8B83-486B6235F8BE} = {386D5B0B-62E0-4728-8C18-0C17611A78E3}
		{CC026A63-92BE-4E93-88D4-2063EDF6E3FC} = {9B845398-C365-4847-B1F3-FEB7E72A5E8D}
		{812D0A8B-DB48-423F-9CF3-1D9894B8A5E5} = {B14FFF26-B9B0-4767-B416-2B36806D4BE3}
		{0CAB2466-BE17-4E47-B60A-AB5A25568DE2} = {11FDDBA1-3638-46EB-9FB4-6CDF5FFBE1DE}
		{427D700F-20A0-4B85-A61D-0C9FDC0C4C37} = {97D48E95-16B7-41C0-8FCC-861CD67BAF56}
		{6CD4C6F3-315D-43ED-A850-F74455918318} = {427D700F-20A0-4B85-A61D-0C9FDC0C4C37}
		{41E7CC3D-036F-4A0D-B72D-DF05915920E6} = {427D700F-20A0-4B85-A61D-0C9FDC0C4C37}
		{5CC916EA-206C-4A53-A3BC-C86AAFA266E1} = {427D700F-20A0-4B85-A61D-0C9FDC0C4C37}
		{1C452DB5-5020-46AC-8097-7AB7561E60CA} = {427D700F-20A0-4B85-A61D-0C9FDC0C4C37}
		{2534CF02-C569-4E89-9BCE-87B8329F1235} = {6CD4C6F3-315D-43ED-A850-F74455918318}
		{CC7BC4FE-68C6-4E47-B8AC-CE2A237FD8D6} = {41E7CC3D-036F-4A0D-B72D-DF05915920E6}
		{F358EDF4-CE14-459B-978F-8A076BBA28FB} = {1C452DB5-5020-46AC-8097-7AB7561E60CA}
		{E8B2034B-3C45-48C5-8B0C-B05A89C93E61} = {5CC916EA-206C-4A53-A3BC-C86AAFA266E1}
		{3C6C7A38-5D27-4BB6-938E-A84904A33BA5} = {8688359C-679B-403D-9344-E8E3CB2678B6}
	EndGlobalSection
	GlobalSection(ExtensibilityGlobals) = postSolution
		SolutionGuid = {912226E9-7C78-48E5-B580-340EE8E01850}
	EndGlobalSection
EndGlobal
